
Microsoft Visual Studio Solution File, Format Version 12.00
# Visual Studio Version 17
VisualStudioVersion = 17.12.35707.178
MinimumVisualStudioVersion = 10.0.40219.1
Project("{FAE04EC0-301F-11D3-BF4B-00C04F79EFBC}") = "RentACar.DataAccess", "RentACar.DataAccess\RentACar.DataAccess.csproj", "{D6C3EAD8-39F9-48B3-8722-1AB7810BCFD9}"
EndProject
Project("{FAE04EC0-301F-11D3-BF4B-00C04F79EFBC}") = "RentACar.Business", "RentACar.Business\RentACar.Business.csproj", "{8A56D6CD-C2FD-4295-BDB2-DD7E2E36B744}"
EndProject
Project("{FAE04EC0-301F-11D3-BF4B-00C04F79EFBC}") = "RentACar.Core", "RentACar.Core\RentACar.Core.csproj", "{5ABC8F7A-E938-460C-8168-BC2538007BB6}"
EndProject
Project("{FAE04EC0-301F-11D3-BF4B-00C04F79EFBC}") = "RentACar.WebAPI", "RentACar.API\RentACar.WebAPI.csproj", "{E188A86C-CCB6-481F-865E-B99EBD5FA7CE}"
EndProject
Project("{FAE04EC0-301F-11D3-BF4B-00C04F79EFBC}") = "RentACar.Entities", "RentACar.Entities\RentACar.Entities.csproj", "{710CF762-5A3F-4B5F-B039-6C8E6570365B}"
EndProject
Global
	GlobalSection(SolutionConfigurationPlatforms) = preSolution
		Debug|Any CPU = Debug|Any CPU
		Release|Any CPU = Release|Any CPU
	EndGlobalSection
	GlobalSection(ProjectConfigurationPlatforms) = postSolution
		{D6C3EAD8-39F9-48B3-8722-1AB7810BCFD9}.Debug|Any CPU.ActiveCfg = Debug|Any CPU
		{D6C3EAD8-39F9-48B3-8722-1AB7810BCFD9}.Debug|Any CPU.Build.0 = Debug|Any CPU
		{D6C3EAD8-39F9-48B3-8722-1AB7810BCFD9}.Release|Any CPU.ActiveCfg = Release|Any CPU
		{D6C3EAD8-39F9-48B3-8722-1AB7810BCFD9}.Release|Any CPU.Build.0 = Release|Any CPU
		{8A56D6CD-C2FD-4295-BDB2-DD7E2E36B744}.Debug|Any CPU.ActiveCfg = Debug|Any CPU
		{8A56D6CD-C2FD-4295-BDB2-DD7E2E36B744}.Debug|Any CPU.Build.0 = Debug|Any CPU
		{8A56D6CD-C2FD-4295-BDB2-DD7E2E36B744}.Release|Any CPU.ActiveCfg = Release|Any CPU
		{8A56D6CD-C2FD-4295-BDB2-DD7E2E36B744}.Release|Any CPU.Build.0 = Release|Any CPU
		{5ABC8F7A-E938-460C-8168-BC2538007BB6}.Debug|Any CPU.ActiveCfg = Debug|Any CPU
		{5ABC8F7A-E938-460C-8168-BC2538007BB6}.Debug|Any CPU.Build.0 = Debug|Any CPU
		{5ABC8F7A-E938-460C-8168-BC2538007BB6}.Release|Any CPU.ActiveCfg = Release|Any CPU
		{5ABC8F7A-E938-460C-8168-BC2538007BB6}.Release|Any CPU.Build.0 = Release|Any CPU
		{E188A86C-CCB6-481F-865E-B99EBD5FA7CE}.Debug|Any CPU.ActiveCfg = Debug|Any CPU
		{E188A86C-CCB6-481F-865E-B99EBD5FA7CE}.Debug|Any CPU.Build.0 = Debug|Any CPU
		{E188A86C-CCB6-481F-865E-B99EBD5FA7CE}.Release|Any CPU.ActiveCfg = Release|Any CPU
		{E188A86C-CCB6-481F-865E-B99EBD5FA7CE}.Release|Any CPU.Build.0 = Release|Any CPU
		{710CF762-5A3F-4B5F-B039-6C8E6570365B}.Debug|Any CPU.ActiveCfg = Debug|Any CPU
		{710CF762-5A3F-4B5F-B039-6C8E6570365B}.Debug|Any CPU.Build.0 = Debug|Any CPU
		{710CF762-5A3F-4B5F-B039-6C8E6570365B}.Release|Any CPU.ActiveCfg = Release|Any CPU
		{710CF762-5A3F-4B5F-B039-6C8E6570365B}.Release|Any CPU.Build.0 = Release|Any CPU
	EndGlobalSection
	GlobalSection(SolutionProperties) = preSolution
		HideSolutionNode = FALSE
	EndGlobalSection
EndGlobal
